
Microsoft Visual Studio Solution File, Format Version 12.00
# Visual Studio Version 17
VisualStudioVersion = 17.4.33205.214
MinimumVisualStudioVersion = 10.0.40219.1
Project("{9A19103F-16F7-4668-BE54-9A1E7A4F7556}") = "LearnGraphQL", "LearnGraphQL\LearnGraphQL.csproj", "{68815AF4-F52B-4C95-82F8-6D8F3783FEA0}"
EndProject
Global
	GlobalSection(SolutionConfigurationPlatforms) = preSolution
		Debug|Any CPU = Debug|Any CPU
		Release|Any CPU = Release|Any CPU
	EndGlobalSection
	GlobalSection(ProjectConfigurationPlatforms) = postSolution
		{68815AF4-F52B-4C95-82F8-6D8F3783FEA0}.Debug|Any CPU.ActiveCfg = Debug|Any CPU
		{68815AF4-F52B-4C95-82F8-6D8F3783FEA0}.Debug|Any CPU.Build.0 = Debug|Any CPU
		{68815AF4-F52B-4C95-82F8-6D8F3783FEA0}.Release|Any CPU.ActiveCfg = Release|Any CPU
		{68815AF4-F52B-4C95-82F8-6D8F3783FEA0}.Release|Any CPU.Build.0 = Release|Any CPU
	EndGlobalSection
	GlobalSection(SolutionProperties) = preSolution
		HideSolutionNode = FALSE
	EndGlobalSection
	GlobalSection(ExtensibilityGlobals) = postSolution
		SolutionGuid = {DD5D6E78-A6E2-4F6E-95F3-E5E926C3CD80}
	EndGlobalSection
EndGlobal
